
Microsoft Visual Studio Solution File, Format Version 12.00
Project("{2150E333-8FDC-42A3-9474-1A3956D46DE8}") = "src", "src", "{97970910-6BD9-449E-927D-C9A130CE3D6E}"
EndProject
Project("{2150E333-8FDC-42A3-9474-1A3956D46DE8}") = "test", "test", "{9EFBF3E0-7F6E-4B06-BDC0-2157A8142B55}"
EndProject
Project("{FAE04EC0-301F-11D3-BF4B-00C04F79EFBC}") = "Airbnb.Domain", "Airbnb.Domain\Airbnb.Domain.csproj", "{6DF424FC-C742-417B-A2CC-95BB3410D9A0}"
EndProject
Project("{FAE04EC0-301F-11D3-BF4B-00C04F79EFBC}") = "Airbnb.Application", "Airbnb.Application\Airbnb.Application.csproj", "{A6D40B9F-2A68-445A-AB10-FCB1C6D5111D}"
EndProject
Project("{FAE04EC0-301F-11D3-BF4B-00C04F79EFBC}") = "Airbnb.Infrastructure", "Airbnb.Infrastructure\Airbnb.Infrastructure.csproj", "{58D5091D-495D-444B-894E-BA1EF37027FB}"
EndProject
Project("{FAE04EC0-301F-11D3-BF4B-00C04F79EFBC}") = "Airbnb.Common", "Airbnb.Common\Airbnb.Common.csproj", "{0FF831D0-6E12-4BA3-86E1-BAB018470787}"
EndProject
Project("{FAE04EC0-301F-11D3-BF4B-00C04F79EFBC}") = "Airbnb.WebAPI", "Airbnb.WebAPI\Airbnb.WebAPI.csproj", "{6DCF8B06-0FFE-4BAE-9D76-73EAFCFCBFAA}"
EndProject
Global
	GlobalSection(SolutionConfigurationPlatforms) = preSolution
		Debug|Any CPU = Debug|Any CPU
		Release|Any CPU = Release|Any CPU
	EndGlobalSection
	GlobalSection(NestedProjects) = preSolution
		{6DF424FC-C742-417B-A2CC-95BB3410D9A0} = {97970910-6BD9-449E-927D-C9A130CE3D6E}
		{A6D40B9F-2A68-445A-AB10-FCB1C6D5111D} = {97970910-6BD9-449E-927D-C9A130CE3D6E}
		{58D5091D-495D-444B-894E-BA1EF37027FB} = {97970910-6BD9-449E-927D-C9A130CE3D6E}
		{0FF831D0-6E12-4BA3-86E1-BAB018470787} = {97970910-6BD9-449E-927D-C9A130CE3D6E}
		{6DCF8B06-0FFE-4BAE-9D76-73EAFCFCBFAA} = {97970910-6BD9-449E-927D-C9A130CE3D6E}
	EndGlobalSection
	GlobalSection(ProjectConfigurationPlatforms) = postSolution
		{6DF424FC-C742-417B-A2CC-95BB3410D9A0}.Debug|Any CPU.ActiveCfg = Debug|Any CPU
		{6DF424FC-C742-417B-A2CC-95BB3410D9A0}.Debug|Any CPU.Build.0 = Debug|Any CPU
		{6DF424FC-C742-417B-A2CC-95BB3410D9A0}.Release|Any CPU.ActiveCfg = Release|Any CPU
		{6DF424FC-C742-417B-A2CC-95BB3410D9A0}.Release|Any CPU.Build.0 = Release|Any CPU
		{A6D40B9F-2A68-445A-AB10-FCB1C6D5111D}.Debug|Any CPU.ActiveCfg = Debug|Any CPU
		{A6D40B9F-2A68-445A-AB10-FCB1C6D5111D}.Debug|Any CPU.Build.0 = Debug|Any CPU
		{A6D40B9F-2A68-445A-AB10-FCB1C6D5111D}.Release|Any CPU.ActiveCfg = Release|Any CPU
		{A6D40B9F-2A68-445A-AB10-FCB1C6D5111D}.Release|Any CPU.Build.0 = Release|Any CPU
		{58D5091D-495D-444B-894E-BA1EF37027FB}.Debug|Any CPU.ActiveCfg = Debug|Any CPU
		{58D5091D-495D-444B-894E-BA1EF37027FB}.Debug|Any CPU.Build.0 = Debug|Any CPU
		{58D5091D-495D-444B-894E-BA1EF37027FB}.Release|Any CPU.ActiveCfg = Release|Any CPU
		{58D5091D-495D-444B-894E-BA1EF37027FB}.Release|Any CPU.Build.0 = Release|Any CPU
		{0FF831D0-6E12-4BA3-86E1-BAB018470787}.Debug|Any CPU.ActiveCfg = Debug|Any CPU
		{0FF831D0-6E12-4BA3-86E1-BAB018470787}.Debug|Any CPU.Build.0 = Debug|Any CPU
		{0FF831D0-6E12-4BA3-86E1-BAB018470787}.Release|Any CPU.ActiveCfg = Release|Any CPU
		{0FF831D0-6E12-4BA3-86E1-BAB018470787}.Release|Any CPU.Build.0 = Release|Any CPU
		{6DCF8B06-0FFE-4BAE-9D76-73EAFCFCBFAA}.Debug|Any CPU.ActiveCfg = Debug|Any CPU
		{6DCF8B06-0FFE-4BAE-9D76-73EAFCFCBFAA}.Debug|Any CPU.Build.0 = Debug|Any CPU
		{6DCF8B06-0FFE-4BAE-9D76-73EAFCFCBFAA}.Release|Any CPU.ActiveCfg = Release|Any CPU
		{6DCF8B06-0FFE-4BAE-9D76-73EAFCFCBFAA}.Release|Any CPU.Build.0 = Release|Any CPU
	EndGlobalSection
EndGlobal
